{
    "_meta": {
        "hash": {
            "sha256": "355a1f0636adbfcf5618c784528b10f3e2adc528db21642d0d59faed4cc4542c"
        },
        "pipfile-spec": 6,
        "requires": {
            "python_version": "3.9"
        },
        "sources": [
            {
                "name": "pypi",
                "url": "https://pypi.org/simple",
                "verify_ssl": true
            }
        ]
    },
    "default": {},
    "develop": {
        "attrs": {
            "hashes": [
                "sha256:29e95c7f6778868dbd49170f98f8818f78f3dc5e0e37c0b1f474e3561b240836",
                "sha256:c9227bfc2f01993c03f68db37d1d15c9690188323c067c641f1a35ca58185f99"
            ],
            "markers": "python_version >= '3.6'",
            "version": "==22.2.0"
        },
        "capstone": {
            "hashes": [
                "sha256:1e67897ca1802e5e099e050f6e6314d4041f8f65e4839c75a44ef45acd535f9d",
                "sha256:22832b7799bc2fc08555d2ad95d661bd1e84d38e4472b5ddd48555b6c8609e2f",
                "sha256:48f22d674d84f01c2aa7c7dcfe8ba5e4269708ba7463aac9f8df6e9f2bc60740",
                "sha256:4f3ed835371f1c86397c5aa2218e5e1af8679bd6b30457ab7261016d92d118b7",
                "sha256:621d19ec8ea3b6d035cccde9faf3f439aa4f59f170949058c6af741e7ac17fb7",
                "sha256:b6f4fc3a95775415493b09e0f47c4a70cb7bb22e4d5560de32f22fd32f2e5b0f",
                "sha256:c4ea1fc8181e7c56225910abb87d332c9f5ddf7edd21e938285078a04cc94130",
                "sha256:d862f26b55825815fb5574291386c34227d83df95b875cf7228fbaf2640eadcd"
            ],
            "index": "pypi",
            "version": "==5.0.0rc2"
        },
        "exceptiongroup": {
            "hashes": [
                "sha256:232c37c63e4f682982c8b6459f33a8981039e5fb8756b2074364e5055c498c9e",
                "sha256:d484c3090ba2889ae2928419117447a14daf3c1231d5e30d0aae34f354f01785"
            ],
            "markers": "python_version < '3.11'",
            "version": "==1.1.1"
        },
        "iniconfig": {
            "hashes": [
                "sha256:2d91e135bf72d31a410b17c16da610a82cb55f6b0477d1a902134b24a455b8b3",
                "sha256:b6a85871a79d2e3b22d2d1b94ac2824226a63c6b741c88f7ae975f18b6778374"
            ],
            "markers": "python_version >= '3.7'",
            "version": "==2.0.0"
        },
        "mypy": {
            "hashes": [
                "sha256:0a28a76785bf57655a8ea5eb0540a15b0e781c807b5aa798bd463779988fa1d5",
                "sha256:19ba15f9627a5723e522d007fe708007bae52b93faab00f95d72f03e1afa9598",
                "sha256:21b437be1c02712a605591e1ed1d858aba681757a1e55fe678a15c2244cd68a5",
                "sha256:26cdd6a22b9b40b2fd71881a8a4f34b4d7914c679f154f43385ca878a8297389",
                "sha256:2888ce4fe5aae5a673386fa232473014056967f3904f5abfcf6367b5af1f612a",
                "sha256:2b0c373d071593deefbcdd87ec8db91ea13bd8f1328d44947e88beae21e8d5e9",
                "sha256:315ac73cc1cce4771c27d426b7ea558fb4e2836f89cb0296cbe056894e3a1f78",
                "sha256:39c7119335be05630611ee798cc982623b9e8f0cff04a0b48dfc26100e0b97af",
                "sha256:4b398d8b1f4fba0e3c6463e02f8ad3346f71956b92287af22c9b12c3ec965a9f",
                "sha256:4e4e8b362cdf99ba00c2b218036002bdcdf1e0de085cdb296a49df03fb31dfc4",
                "sha256:59bbd71e5c58eed2e992ce6523180e03c221dcd92b52f0e792f291d67b15a71c",
                "sha256:5b5f81b40d94c785f288948c16e1f2da37203c6006546c5d947aab6f90aefef2",
                "sha256:5cb14ff9919b7df3538590fc4d4c49a0f84392237cbf5f7a816b4161c061829e",
                "sha256:61bf08362e93b6b12fad3eab68c4ea903a077b87c90ac06c11e3d7a09b56b9c1",
                "sha256:64cc3afb3e9e71a79d06e3ed24bb508a6d66f782aff7e56f628bf35ba2e0ba51",
                "sha256:69b35d1dcb5707382810765ed34da9db47e7f95b3528334a3c999b0c90fe523f",
                "sha256:9401e33814cec6aec8c03a9548e9385e0e228fc1b8b0a37b9ea21038e64cdd8a",
                "sha256:a380c041db500e1410bb5b16b3c1c35e61e773a5c3517926b81dfdab7582be54",
                "sha256:ae9ceae0f5b9059f33dbc62dea087e942c0ccab4b7a003719cb70f9b8abfa32f",
                "sha256:b7c7b708fe9a871a96626d61912e3f4ddd365bf7f39128362bc50cbd74a634d5",
                "sha256:c1c10fa12df1232c936830839e2e935d090fc9ee315744ac33b8a32216b93707",
                "sha256:ce61663faf7a8e5ec6f456857bfbcec2901fbdb3ad958b778403f63b9e606a1b",
                "sha256:d64c28e03ce40d5303450f547e07418c64c241669ab20610f273c9e6290b4b0b",
                "sha256:d809f88734f44a0d44959d795b1e6f64b2bbe0ea4d9cc4776aa588bb4229fc1c",
                "sha256:dbb19c9f662e41e474e0cff502b7064a7edc6764f5262b6cd91d698163196799",
                "sha256:ef6a01e563ec6a4940784c574d33f6ac1943864634517984471642908b30b6f7"
            ],
            "index": "pypi",
            "version": "==1.1.1"
        },
        "mypy-extensions": {
            "hashes": [
                "sha256:4392f6c0eb8a5668a69e23d168ffa70f0be9ccfd32b5cc2d26a34ae5b844552d",
                "sha256:75dbf8955dc00442a438fc4d0666508a9a97b6bd41aa2f0ffe9d2f2725af0782"
            ],
            "markers": "python_version >= '3.5'",
            "version": "==1.0.0"
        },
        "packaging": {
            "hashes": [
                "sha256:714ac14496c3e68c99c29b00845f7a2b85f3bb6f1078fd9f72fd20f0570002b2",
                "sha256:b6ad297f8907de0fa2fe1ccbd26fdaf387f5f47c7275fedf8cce89f99446cf97"
            ],
            "markers": "python_version >= '3.7'",
            "version": "==23.0"
        },
        "pluggy": {
            "hashes": [
                "sha256:4224373bacce55f955a878bf9cfa763c1e360858e330072059e10bad68531159",
                "sha256:74134bbf457f031a36d68416e1509f34bd5ccc019f0bcc952c7b909d06b37bd3"
            ],
            "markers": "python_version >= '3.6'",
            "version": "==1.0.0"
        },
        "pytest": {
            "hashes": [
                "sha256:130328f552dcfac0b1cec75c12e3f005619dc5f874f0a06e8ff7263f0ee6225e",
                "sha256:c99ab0c73aceb050f68929bc93af19ab6db0558791c6a0715723abe9d0ade9d4"
            ],
            "index": "pypi",
            "version": "==7.2.2"
        },
        "tomli": {
            "hashes": [
                "sha256:939de3e7a6161af0c887ef91b7d41a53e7c5a1ca976325f429cb46ea9bc30ecc",
                "sha256:de526c12914f0c550d15924c62d72abc48d6fe7364aa87328337a31007fe8a4f"
            ],
            "markers": "python_version < '3.11'",
            "version": "==2.0.1"
        },
        "typing-extensions": {
            "hashes": [
                "sha256:5cb5f4a79139d699607b3ef622a1dedafa84e115ab0024e0d9c044a9479ca7cb",
                "sha256:fb33085c39dd998ac16d1431ebc293a8b3eedd00fd4a32de0ff79002c19511b4"
            ],
            "markers": "python_version >= '3.7'",
            "version": "==4.5.0"
        },
        "unicorn": {
            "hashes": [
                "sha256:0bd05f9ae6b86b1326e6c3c1d1f3e51264b479cd1961388fd0da0ae674ec0195",
                "sha256:2b3eba8848f3cfd43ed5f3128f01880ecc4e73e6b36c1e5e951177db0fb9c03b",
                "sha256:2d3eb3ec7eabbc4e66b4d853e11b27c426ce03072860c756139ed2191588751c",
                "sha256:45be711d2bc8b82d07f2e0bdde128f3e9408c42978a3ed5edf709bce5350fcdf",
                "sha256:4cf11d4883160dd3c4967bb3187dd886cdca4422884b315ace436af6047aae0d",
                "sha256:5ed85a0b7bbfa47dd029272e071c814f21e9dacc2eefd63521f4d638ff1d6db9",
                "sha256:7145fe448d17b2377b18e08e0521749cf0f94b9d3fe8b67c032bb4c932a21c29",
                "sha256:7fc69523eb83b4c8abc7cb4410ca21875e066c34b7afe998f59481e830d28e56",
                "sha256:9f0e3bbe207a6d2ddd3dff528bf3b2251c8e11d0fb4bab2338dff01475f6f41b"
            ],
            "index": "pypi",
            "version": "==2.0.1.post1"
        }
    }
}
